// !$*UTF8*$!
{
	archiveVersion = 1;
	classes = {
	};
	objectVersion = 77;
	objects = {

/* Begin PBXContainerItemProxy section */
		90A707D02E6D809B008DDC50 /* PBXContainerItemProxy */ = {
			isa = PBXContainerItemProxy;
			containerPortal = 90A707BA2E6D809A008DDC50 /* Project object */;
			proxyType = 1;
			remoteGlobalIDString = 90A707C12E6D809A008DDC50;
			remoteInfo = GangaDrishthi;
		};
		90A707DA2E6D809B008DDC50 /* PBXContainerItemProxy */ = {
			isa = PBXContainerItemProxy;
			containerPortal = 90A707BA2E6D809A008DDC50 /* Project object */;
			proxyType = 1;
			remoteGlobalIDString = 90A707C12E6D809A008DDC50;
			remoteInfo = GangaDrishthi;
		};
/* End PBXContainerItemProxy section */

/* Begin PBXFileReference section */
		90A707C22E6D809A008DDC50 /* GangaDrishthi.app */ = {isa = PBXFileReference; explicitFileType = wrapper.application; includeInIndex = 0; path = GangaDrishthi.app; sourceTree = BUILT_PRODUCTS_DIR; };
		90A707CF2E6D809B008DDC50 /* GangaDrishthiTests.xctest */ = {isa = PBXFileReference; explicitFileType = wrapper.cfbundle; includeInIndex = 0; path = GangaDrishthiTests.xctest; sourceTree = BUILT_PRODUCTS_DIR; };
		90A707D92E6D809B008DDC50 /* GangaDrishthiUITests.xctest */ = {isa = PBXFileReference; explicitFileType = wrapper.cfbundle; includeInIndex = 0; path = GangaDrishthiUITests.xctest; sourceTree = BUILT_PRODUCTS_DIR; };
/* End PBXFileReference section */

/* Begin PBXFileSystemSynchronizedRootGroup section */
		90A707C42E6D809A008DDC50 /* GangaDrishthi */ = {
			isa = PBXFileSystemSynchronizedRootGroup;
			path = GangaDrishthi;
			sourceTree = "<group>";
		};
		90A707D22E6D809B008DDC50 /* GangaDrishthiTests */ = {
			isa = PBXFileSystemSynchronizedRootGroup;
			path = GangaDrishthiTests;
			sourceTree = "<group>";
		};
		90A707DC2E6D809B008DDC50 /* GangaDrishthiUITests */ = {
			isa = PBXFileSystemSynchronizedRootGroup;
			path = GangaDrishthiUITests;
			sourceTree = "<group>";
		};
/* End PBXFileSystemSynchronizedRootGroup section */

/* Begin PBXFrameworksBuildPhase section */
		90A707BF2E6D809A008DDC50 /* Frameworks */ = {
			isa = PBXFrameworksBuildPhase;
			buildActionMask = 2147483647;
			files = (
			);
			runOnlyForDeploymentPostprocessing = 0;
		};
		90A707CC2E6D809B008DDC50 /* Frameworks */ = {
			isa = PBXFrameworksBuildPhase;
			buildActionMask = 2147483647;
			files = (
			);
			runOnlyForDeploymentPostprocessing = 0;
		};
		90A707D62E6D809B008DDC50 /* Frameworks */ = {
			isa = PBXFrameworksBuildPhase;
			buildActionMask = 2147483647;
			files = (
			);
			runOnlyForDeploymentPostprocessing = 0;
		};
/* End PBXFrameworksBuildPhase section */

/* Begin PBXGroup section */
		90A707B92E6D809A008DDC50 = {
			isa = PBXGroup;
			children = (
				90A707C42E6D809A008DDC50 /* GangaDrishthi */,
				90A707D22E6D809B008DDC50 /* GangaDrishthiTests */,
				90A707DC2E6D809B008DDC50 /* GangaDrishthiUITests */,
				90A707C32E6D809A008DDC50 /* Products */,
			);
			sourceTree = "<group>";
		};
		90A707C32E6D809A008DDC50 /* Products */ = {
			isa = PBXGroup;
			children = (
				90A707C22E6D809A008DDC50 /* GangaDrishthi.app */,
				90A707CF2E6D809B008DDC50 /* GangaDrishthiTests.xctest */,
				90A707D92E6D809B008DDC50 /* GangaDrishthiUITests.xctest */,
			);
			name = Products;
			sourceTree = "<group>";
		};
/* End PBXGroup section */

/* Begin PBXNativeTarget section */
		90A707C12E6D809A008DDC50 /* GangaDrishthi */ = {
			isa = PBXNativeTarget;
			buildConfigurationList = 90A707E32E6D809B008DDC50 /* Build configuration list for PBXNativeTarget "GangaDrishthi" */;
			buildPhases = (
				90A707BE2E6D809A008DDC50 /* Sources */,
				90A707BF2E6D809A008DDC50 /* Frameworks */,
				90A707C02E6D809A008DDC50 /* Resources */,
			);
			buildRules = (
			);
			dependencies = (
			);
			fileSystemSynchronizedGroups = (
				90A707C42E6D809A008DDC50 /* GangaDrishthi */,
			);
			name = GangaDrishthi;
			packageProductDependencies = (
			);
			productName = GangaDrishthi;
			productReference = 90A707C22E6D809A008DDC50 /* GangaDrishthi.app */;
			productType = "com.apple.product-type.application";
		};
		90A707CE2E6D809B008DDC50 /* GangaDrishthiTests */ = {
			isa = PBXNativeTarget;
			buildConfigurationList = 90A707E62E6D809B008DDC50 /* Build configuration list for PBXNativeTarget "GangaDrishthiTests" */;
			buildPhases = (
				90A707CB2E6D809B008DDC50 /* Sources */,
				90A707CC2E6D809B008DDC50 /* Frameworks */,
				90A707CD2E6D809B008DDC50 /* Resources */,
			);
			buildRules = (
			);
			dependencies = (
				90A707D12E6D809B008DDC50 /* PBXTargetDependency */,
			);
			fileSystemSynchronizedGroups = (
				90A707D22E6D809B008DDC50 /* GangaDrishthiTests */,
			);
			name = GangaDrishthiTests;
			packageProductDependencies = (
			);
			productName = GangaDrishthiTests;
			productReference = 90A707CF2E6D809B008DDC50 /* GangaDrishthiTests.xctest */;
			productType = "com.apple.product-type.bundle.unit-test";
		};
		90A707D82E6D809B008DDC50 /* GangaDrishthiUITests */ = {
			isa = PBXNativeTarget;
			buildConfigurationList = 90A707E92E6D809B008DDC50 /* Build configuration list for PBXNativeTarget "GangaDrishthiUITests" */;
			buildPhases = (
				90A707D52E6D809B008DDC50 /* Sources */,
				90A707D62E6D809B008DDC50 /* Frameworks */,
				90A707D72E6D809B008DDC50 /* Resources */,
			);
			buildRules = (
			);
			dependencies = (
				90A707DB2E6D809B008DDC50 /* PBXTargetDependency */,
			);
			fileSystemSynchronizedGroups = (
				90A707DC2E6D809B008DDC50 /* GangaDrishthiUITests */,
			);
			name = GangaDrishthiUITests;
			packageProductDependencies = (
			);
			productName = GangaDrishthiUITests;
			productReference = 90A707D92E6D809B008DDC50 /* GangaDrishthiUITests.xctest */;
			productType = "com.apple.product-type.bundle.ui-testing";
		};
/* End PBXNativeTarget section */

/* Begin PBXProject section */
		90A707BA2E6D809A008DDC50 /* Project object */ = {
			isa = PBXProject;
			attributes = {
				BuildIndependentTargetsInParallel = 1;
				LastSwiftUpdateCheck = 1640;
				LastUpgradeCheck = 1640;
				TargetAttributes = {
					90A707C12E6D809A008DDC50 = {
						CreatedOnToolsVersion = 16.4;
					};
					90A707CE2E6D809B008DDC50 = {
						CreatedOnToolsVersion = 16.4;
						TestTargetID = 90A707C12E6D809A008DDC50;
					};
					90A707D82E6D809B008DDC50 = {
						CreatedOnToolsVersion = 16.4;
						TestTargetID = 90A707C12E6D809A008DDC50;
					};
				};
			};
			buildConfigurationList = 90A707BD2E6D809A008DDC50 /* Build configuration list for PBXProject "GangaDrishthi" */;
			developmentRegion = en;
			hasScannedForEncodings = 0;
			knownRegions = (
				en,
				Base,
			);
			mainGroup = 90A707B92E6D809A008DDC50;
			minimizedProjectReferenceProxies = 1;
			preferredProjectObjectVersion = 77;
			productRefGroup = 90A707C32E6D809A008DDC50 /* Products */;
			projectDirPath = "";
			projectRoot = "";
			targets = (
				90A707C12E6D809A008DDC50 /* GangaDrishthi */,
				90A707CE2E6D809B008DDC50 /* GangaDrishthiTests */,
				90A707D82E6D809B008DDC50 /* GangaDrishthiUITests */,
			);
		};
/* End PBXProject section */

/* Begin PBXResourcesBuildPhase section */
		90A707C02E6D809A008DDC50 /* Resources */ = {
			isa = PBXResourcesBuildPhase;
			buildActionMask = 2147483647;
			files = (
			);
			runOnlyForDeploymentPostprocessing = 0;
		};
		90A707CD2E6D809B008DDC50 /* Resources */ = {
			isa = PBXResourcesBuildPhase;
			buildActionMask = 2147483647;
			files = (
			);
			runOnlyForDeploymentPostprocessing = 0;
		};
		90A707D72E6D809B008DDC50 /* Resources */ = {
			isa = PBXResourcesBuildPhase;
			buildActionMask = 2147483647;
			files = (
			);
			runOnlyForDeploymentPostprocessing = 0;
		};
/* End PBXResourcesBuildPhase section */

/* Begin PBXSourcesBuildPhase section */
		90A707BE2E6D809A008DDC50 /* Sources */ = {
			isa = PBXSourcesBuildPhase;
			buildActionMask = 2147483647;
			files = (
			);
			runOnlyForDeploymentPostprocessing = 0;
		};
		90A707CB2E6D809B008DDC50 /* Sources */ = {
			isa = PBXSourcesBuildPhase;
			buildActionMask = 2147483647;
			files = (
			);
			runOnlyForDeploymentPostprocessing = 0;
		};
		90A707D52E6D809B008DDC50 /* Sources */ = {
			isa = PBXSourcesBuildPhase;
			buildActionMask = 2147483647;
			files = (
			);
			runOnlyForDeploymentPostprocessing = 0;
		};
/* End PBXSourcesBuildPhase section */

/* Begin PBXTargetDependency section */
		90A707D12E6D809B008DDC50 /* PBXTargetDependency */ = {
			isa = PBXTargetDependency;
			target = 90A707C12E6D809A008DDC50 /* GangaDrishthi */;
			targetProxy = 90A707D02E6D809B008DDC50 /* PBXContainerItemProxy */;
		};
		90A707DB2E6D809B008DDC50 /* PBXTargetDependency */ = {
			isa = PBXTargetDependency;
			target = 90A707C12E6D809A008DDC50 /* GangaDrishthi */;
			targetProxy = 90A707DA2E6D809B008DDC50 /* PBXContainerItemProxy */;
		};
/* End PBXTargetDependency section */

/* Begin XCBuildConfiguration section */
		90A707E12E6D809B008DDC50 /* Debug */ = {
			isa = XCBuildConfiguration;
			buildSettings = {
				ALWAYS_SEARCH_USER_PATHS = NO;
				ASSETCATALOG_COMPILER_GENERATE_SWIFT_ASSET_SYMBOL_EXTENSIONS = YES;
				CLANG_ANALYZER_NONNULL = YES;
				CLANG_ANALYZER_NUMBER_OBJECT_CONVERSION = YES_AGGRESSIVE;
				CLANG_CXX_LANGUAGE_STANDARD = "gnu++20";
				CLANG_ENABLE_MODULES = YES;
				CLANG_ENABLE_OBJC_ARC = YES;
				CLANG_ENABLE_OBJC_WEAK = YES;
				CLANG_WARN_BLOCK_CAPTURE_AUTORELEASING = YES;
				CLANG_WARN_BOOL_CONVERSION = YES;
				CLANG_WARN_COMMA = YES;
				CLANG_WARN_CONSTANT_CONVERSION = YES;
				CLANG_WARN_DEPRECATED_OBJC_IMPLEMENTATIONS = YES;
				CLANG_WARN_DIRECT_OBJC_ISA_USAGE = YES_ERROR;
				CLANG_WARN_DOCUMENTATION_COMMENTS = YES;
				CLANG_WARN_EMPTY_BODY = YES;
				CLANG_WARN_ENUM_CONVERSION = YES;
				CLANG_WARN_INFINITE_RECURSION = YES;
				CLANG_WARN_INT_CONVERSION = YES;
				CLANG_WARN_NON_LITERAL_NULL_CONVERSION = YES;
				CLANG_WARN_OBJC_IMPLICIT_RETAIN_SELF = YES;
				CLANG_WARN_OBJC_LITERAL_CONVERSION = YES;
				CLANG_WARN_OBJC_ROOT_CLASS = YES_ERROR;
				CLANG_WARN_QUOTED_INCLUDE_IN_FRAMEWORK_HEADER = YES;
				CLANG_WARN_RANGE_LOOP_ANALYSIS = YES;
				CLANG_WARN_STRICT_PROTOTYPES = YES;
				CLANG_WARN_SUSPICIOUS_MOVE = YES;
				CLANG_WARN_UNGUARDED_AVAILABILITY = YES_AGGRESSIVE;
				CLANG_WARN_UNREACHABLE_CODE = YES;
				CLANG_WARN__DUPLICATE_METHOD_MATCH = YES;
				COPY_PHASE_STRIP = NO;
				DEBUG_INFORMATION_FORMAT = dwarf;
				DEVELOPMENT_TEAM = 8D5D6HU857;
				ENABLE_STRICT_OBJC_MSGSEND = YES;
				ENABLE_TESTABILITY = YES;
				ENABLE_USER_SCRIPT_SANDBOXING = YES;
				GCC_C_LANGUAGE_STANDARD = gnu17;
				GCC_DYNAMIC_NO_PIC = NO;
				GCC_NO_COMMON_BLOCKS = YES;
				GCC_OPTIMIZATION_LEVEL = 0;
				GCC_PREPROCESSOR_DEFINITIONS = (
					"DEBUG=1",
					"$(inherited)",
				);
				GCC_WARN_64_TO_32_BIT_CONVERSION = YES;
				GCC_WARN_ABOUT_RETURN_TYPE = YES_ERROR;
				GCC_WARN_UNDECLARED_SELECTOR = YES;
				GCC_WARN_UNINITIALIZED_AUTOS = YES_AGGRESSIVE;
				GCC_WARN_UNUSED_FUNCTION = YES;
				GCC_WARN_UNUSED_VARIABLE = YES;
				IPHONEOS_DEPLOYMENT_TARGET = 18.5;
				LOCALIZATION_PREFERS_STRING_CATALOGS = YES;
				MTL_ENABLE_DEBUG_INFO = INCLUDE_SOURCE;
				MTL_FAST_MATH = YES;
				ONLY_ACTIVE_ARCH = YES;
				SDKROOT = iphoneos;
				SWIFT_ACTIVE_COMPILATION_CONDITIONS = "DEBUG $(inherited)";
				SWIFT_OPTIMIZATION_LEVEL = "-Onone";
			};
			name = Debug;
		};
		90A707E22E6D809B008DDC50 /* Release */ = {
			isa = XCBuildConfiguration;
			buildSettings = {
				ALWAYS_SEARCH_USER_PATHS = NO;
				ASSETCATALOG_COMPILER_GENERATE_SWIFT_ASSET_SYMBOL_EXTENSIONS = YES;
				CLANG_ANALYZER_NONNULL = YES;
				CLANG_ANALYZER_NUMBER_OBJECT_CONVERSION = YES_AGGRESSIVE;
				CLANG_CXX_LANGUAGE_STANDARD = "gnu++20";
				CLANG_ENABLE_MODULES = YES;
				CLANG_ENABLE_OBJC_ARC = YES;
				CLANG_ENABLE_OBJC_WEAK = YES;
				CLANG_WARN_BLOCK_CAPTURE_AUTORELEASING = YES;
				CLANG_WARN_BOOL_CONVERSION = YES;
				CLANG_WARN_COMMA = YES;
				CLANG_WARN_CONSTANT_CONVERSION = YES;
				CLANG_WARN_DEPRECATED_OBJC_IMPLEMENTATIONS = YES;
				CLANG_WARN_DIRECT_OBJC_ISA_USAGE = YES_ERROR;
				CLANG_WARN_DOCUMENTATION_COMMENTS = YES;
				CLANG_WARN_EMPTY_BODY = YES;
				CLANG_WARN_ENUM_CONVERSION = YES;
				CLANG_WARN_INFINITE_RECURSION = YES;
				CLANG_WARN_INT_CONVERSION = YES;
				CLANG_WARN_NON_LITERAL_NULL_CONVERSION = YES;
				CLANG_WARN_OBJC_IMPLICIT_RETAIN_SELF = YES;
				CLANG_WARN_OBJC_LITERAL_CONVERSION = YES;
				CLANG_WARN_OBJC_ROOT_CLASS = YES_ERROR;
				CLANG_WARN_QUOTED_INCLUDE_IN_FRAMEWORK_HEADER = YES;
				CLANG_WARN_RANGE_LOOP_ANALYSIS = YES;
				CLANG_WARN_STRICT_PROTOTYPES = YES;
				CLANG_WARN_SUSPICIOUS_MOVE = YES;
				CLANG_WARN_UNGUARDED_AVAILABILITY = YES_AGGRESSIVE;
				CLANG_WARN_UNREACHABLE_CODE = YES;
				CLANG_WARN__DUPLICATE_METHOD_MATCH = YES;
				COPY_PHASE_STRIP = NO;
				DEBUG_INFORMATION_FORMAT = "dwarf-with-dsym";
				DEVELOPMENT_TEAM = 8D5D6HU857;
				ENABLE_NS_ASSERTIONS = NO;
				ENABLE_STRICT_OBJC_MSGSEND = YES;
				ENABLE_USER_SCRIPT_SANDBOXING = YES;
				GCC_C_LANGUAGE_STANDARD = gnu17;
				GCC_NO_COMMON_BLOCKS = YES;
				GCC_WARN_64_TO_32_BIT_CONVERSION = YES;
				GCC_WARN_ABOUT_RETURN_TYPE = YES_ERROR;
				GCC_WARN_UNDECLARED_SELECTOR = YES;
				GCC_WARN_UNINITIALIZED_AUTOS = YES_AGGRESSIVE;
				GCC_WARN_UNUSED_FUNCTION = YES;
				GCC_WARN_UNUSED_VARIABLE = YES;
				IPHONEOS_DEPLOYMENT_TARGET = 18.5;
				LOCALIZATION_PREFERS_STRING_CATALOGS = YES;
				MTL_ENABLE_DEBUG_INFO = NO;
				MTL_FAST_MATH = YES;
				SDKROOT = iphoneos;
				SWIFT_COMPILATION_MODE = wholemodule;
				VALIDATE_PRODUCT = YES;
			};
			name = Release;
		};
		90A707E42E6D809B008DDC50 /* Debug */ = {
			isa = XCBuildConfiguration;
			buildSettings = {
				ASSETCATALOG_COMPILER_APPICON_NAME = AppIcon;
				ASSETCATALOG_COMPILER_GLOBAL_ACCENT_COLOR_NAME = AccentColor;
				CODE_SIGN_STYLE = Automatic;
				CURRENT_PROJECT_VERSION = 1;
				DEVELOPMENT_TEAM = 8D5D6HU857;
				ENABLE_PREVIEWS = YES;
				GENERATE_INFOPLIST_FILE = YES;
				INFOPLIST_KEY_UIApplicationSceneManifest_Generation = YES;
				INFOPLIST_KEY_UIApplicationSupportsIndirectInputEvents = YES;
				INFOPLIST_KEY_UILaunchScreen_Generation = YES;
				INFOPLIST_KEY_UISupportedInterfaceOrientations_iPad = "UIInterfaceOrientationPortrait UIInterfaceOrientationPortraitUpsideDown UIInterfaceOrientationLandscapeLeft UIInterfaceOrientationLandscapeRight";
				INFOPLIST_KEY_UISupportedInterfaceOrientations_iPhone = "UIInterfaceOrientationPortrait UIInterfaceOrientationLandscapeLeft UIInterfaceOrientationLandscapeRight";
				LD_RUNPATH_SEARCH_PATHS = (
					"$(inherited)",
					"@executable_path/Frameworks",
				);
				MARKETING_VERSION = 1.0;
				PRODUCT_BUNDLE_IDENTIFIER = Manu.GangaDrishthi;
				PRODUCT_NAME = "$(TARGET_NAME)";
				SWIFT_EMIT_LOC_STRINGS = YES;
				SWIFT_VERSION = 5.0;
				TARGETED_DEVICE_FAMILY = "1,2";
			};
			name = Debug;
		};
		90A707E52E6D809B008DDC50 /* Release */ = {
			isa = XCBuildConfiguration;
			buildSettings = {
				ASSETCATALOG_COMPILER_APPICON_NAME = AppIcon;
				ASSETCATALOG_COMPILER_GLOBAL_ACCENT_COLOR_NAME = AccentColor;
				CODE_SIGN_STYLE = Automatic;
				CURRENT_PROJECT_VERSION = 1;
				DEVELOPMENT_TEAM = 8D5D6HU857;
				ENABLE_PREVIEWS = YES;
				GENERATE_INFOPLIST_FILE = YES;
				INFOPLIST_KEY_UIApplicationSceneManifest_Generation = YES;
				INFOPLIST_KEY_UIApplicationSupportsIndirectInputEvents = YES;
				INFOPLIST_KEY_UILaunchScreen_Generation = YES;
				INFOPLIST_KEY_UISupportedInterfaceOrientations_iPad = "UIInterfaceOrientationPortrait UIInterfaceOrientationPortraitUpsideDown UIInterfaceOrientationLandscapeLeft UIInterfaceOrientationLandscapeRight";
				INFOPLIST_KEY_UISupportedInterfaceOrientations_iPhone = "UIInterfaceOrientationPortrait UIInterfaceOrientationLandscapeLeft UIInterfaceOrientationLandscapeRight";
				LD_RUNPATH_SEARCH_PATHS = (
					"$(inherited)",
					"@executable_path/Frameworks",
				);
				MARKETING_VERSION = 1.0;
				PRODUCT_BUNDLE_IDENTIFIER = Manu.GangaDrishthi;
				PRODUCT_NAME = "$(TARGET_NAME)";
				SWIFT_EMIT_LOC_STRINGS = YES;
				SWIFT_VERSION = 5.0;
				TARGETED_DEVICE_FAMILY = "1,2";
			};
			name = Release;
		};
		90A707E72E6D809B008DDC50 /* Debug */ = {
			isa = XCBuildConfiguration;
			buildSettings = {
				BUNDLE_LOADER = "$(TEST_HOST)";
				CODE_SIGN_STYLE = Automatic;
				CURRENT_PROJECT_VERSION = 1;
				DEVELOPMENT_TEAM = 8D5D6HU857;
				GENERATE_INFOPLIST_FILE = YES;
				IPHONEOS_DEPLOYMENT_TARGET = 18.5;
				MARKETING_VERSION = 1.0;
				PRODUCT_BUNDLE_IDENTIFIER = Manu.GangaDrishthiTests;
				PRODUCT_NAME = "$(TARGET_NAME)";
				SWIFT_EMIT_LOC_STRINGS = NO;
				SWIFT_VERSION = 5.0;
				TARGETED_DEVICE_FAMILY = "1,2";
				TEST_HOST = "$(BUILT_PRODUCTS_DIR)/GangaDrishthi.app/$(BUNDLE_EXECUTABLE_FOLDER_PATH)/GangaDrishthi";
			};
			name = Debug;
		};
		90A707E82E6D809B008DDC50 /* Release */ = {
			isa = XCBuildConfiguration;
			buildSettings = {
				BUNDLE_LOADER = "$(TEST_HOST)";
				CODE_SIGN_STYLE = Automatic;
				CURRENT_PROJECT_VERSION = 1;
				DEVELOPMENT_TEAM = 8D5D6HU857;
				GENERATE_INFOPLIST_FILE = YES;
				IPHONEOS_DEPLOYMENT_TARGET = 18.5;
				MARKETING_VERSION = 1.0;
				PRODUCT_BUNDLE_IDENTIFIER = Manu.GangaDrishthiTests;
				PRODUCT_NAME = "$(TARGET_NAME)";
				SWIFT_EMIT_LOC_STRINGS = NO;
				SWIFT_VERSION = 5.0;
				TARGETED_DEVICE_FAMILY = "1,2";
				TEST_HOST = "$(BUILT_PRODUCTS_DIR)/GangaDrishthi.app/$(BUNDLE_EXECUTABLE_FOLDER_PATH)/GangaDrishthi";
			};
			name = Release;
		};
		90A707EA2E6D809B008DDC50 /* Debug */ = {
			isa = XCBuildConfiguration;
			buildSettings = {
				CODE_SIGN_STYLE = Automatic;
				CURRENT_PROJECT_VERSION = 1;
				DEVELOPMENT_TEAM = 8D5D6HU857;
				GENERATE_INFOPLIST_FILE = YES;
				MARKETING_VERSION = 1.0;
				PRODUCT_BUNDLE_IDENTIFIER = Manu.GangaDrishthiUITests;
				PRODUCT_NAME = "$(TARGET_NAME)";
				SWIFT_EMIT_LOC_STRINGS = NO;
				SWIFT_VERSION = 5.0;
				TARGETED_DEVICE_FAMILY = "1,2";
				TEST_TARGET_NAME = GangaDrishthi;
			};
			name = Debug;
		};
		90A707EB2E6D809B008DDC50 /* Release */ = {
			isa = XCBuildConfiguration;
			buildSettings = {
				CODE_SIGN_STYLE = Automatic;
				CURRENT_PROJECT_VERSION = 1;
				DEVELOPMENT_TEAM = 8D5D6HU857;
				GENERATE_INFOPLIST_FILE = YES;
				MARKETING_VERSION = 1.0;
				PRODUCT_BUNDLE_IDENTIFIER = Manu.GangaDrishthiUITests;
				PRODUCT_NAME = "$(TARGET_NAME)";
				SWIFT_EMIT_LOC_STRINGS = NO;
				SWIFT_VERSION = 5.0;
				TARGETED_DEVICE_FAMILY = "1,2";
				TEST_TARGET_NAME = GangaDrishthi;
			};
			name = Release;
		};
/* End XCBuildConfiguration section */

/* Begin XCConfigurationList section */
		90A707BD2E6D809A008DDC50 /* Build configuration list for PBXProject "GangaDrishthi" */ = {
			isa = XCConfigurationList;
			buildConfigurations = (
				90A707E12E6D809B008DDC50 /* Debug */,
				90A707E22E6D809B008DDC50 /* Release */,
			);
			defaultConfigurationIsVisible = 0;
			defaultConfigurationName = Release;
		};
		90A707E32E6D809B008DDC50 /* Build configuration list for PBXNativeTarget "GangaDrishthi" */ = {
			isa = XCConfigurationList;
			buildConfigurations = (
				90A707E42E6D809B008DDC50 /* Debug */,
				90A707E52E6D809B008DDC50 /* Release */,
			);
			defaultConfigurationIsVisible = 0;
			defaultConfigurationName = Release;
		};
		90A707E62E6D809B008DDC50 /* Build configuration list for PBXNativeTarget "GangaDrishthiTests" */ = {
			isa = XCConfigurationList;
			buildConfigurations = (
				90A707E72E6D809B008DDC50 /* Debug */,
				90A707E82E6D809B008DDC50 /* Release */,
			);
			defaultConfigurationIsVisible = 0;
			defaultConfigurationName = Release;
		};
		90A707E92E6D809B008DDC50 /* Build configuration list for PBXNativeTarget "GangaDrishthiUITests" */ = {
			isa = XCConfigurationList;
			buildConfigurations = (
				90A707EA2E6D809B008DDC50 /* Debug */,
				90A707EB2E6D809B008DDC50 /* Release */,
			);
			defaultConfigurationIsVisible = 0;
			defaultConfigurationName = Release;
		};
/* End XCConfigurationList section */
	};
	rootObject = 90A707BA2E6D809A008DDC50 /* Project object */;
}
